{
  "name": "wsdemo",
  "version": "1.0.0",
  "lockfileVersion": 2,
  "requires": true,
  "packages": {
    "": {
      "version": "1.0.0",
      "license": "MIT",
      "dependencies": {
        "short-uuid": "^4.2.0",
        "ws": "^8.2.2"
      },
      "devDependencies": {
        "@types/ws": "^7.4.7",
        "typescript": "^4.4.3"
      }
    },
    "node_modules/@types/node": {
      "version": "16.9.1",
      "resolved": "https://registry.nlark.com/@types/node/download/@types/node-16.9.1.tgz?cache=0&sync_timestamp=1631219164526&other_urls=https%3A%2F%2Fregistry.nlark.com%2F%40types%2Fnode%2Fdownload%2F%40types%2Fnode-16.9.1.tgz",
      "integrity": "sha1-BhGzfbQkbJN/7vUp3cwBjPjjVwg=",
      "dev": true
    },
    "node_modules/@types/ws": {
      "version": "7.4.7",
      "resolved": "https://registry.nlark.com/@types/ws/download/@types/ws-7.4.7.tgz?cache=0&sync_timestamp=1629709761698&other_urls=https%3A%2F%2Fregistry.nlark.com%2F%40types%2Fws%2Fdownload%2F%40types%2Fws-7.4.7.tgz",
      "integrity": "sha1-98OQo296Bnmqad4tUBMZ9PjZtwI=",
      "dev": true,
      "dependencies": {
        "@types/node": "*"
      }
    },
    "node_modules/any-base": {
      "version": "1.1.0",
      "resolved": "https://registry.nlark.com/any-base/download/any-base-1.1.0.tgz",
      "integrity": "sha1-rhAaYrwIpZe0yatbcInUVmMFSf4="
    },
    "node_modules/bufferutil": {
      "version": "4.0.3",
      "resolved": "https://registry.npm.taobao.org/bufferutil/download/bufferutil-4.0.3.tgz",
      "integrity": "sha1-ZnJLdWvtI818KMTTBteZT5lDzGs=",
      "hasInstallScript": true,
      "peer": true,
      "dependencies": {
        "node-gyp-build": "^4.2.0"
      }
    },
    "node_modules/node-gyp-build": {
      "version": "4.2.3",
      "resolved": "https://registry.npm.taobao.org/node-gyp-build/download/node-gyp-build-4.2.3.tgz",
      "integrity": "sha1-zmJ3+FODX3GIKe+0fbIPPk2cRzk=",
      "peer": true,
      "bin": {
        "node-gyp-build": "bin.js",
        "node-gyp-build-optional": "optional.js",
        "node-gyp-build-test": "build-test.js"
      }
    },
    "node_modules/short-uuid": {
      "version": "4.2.0",
      "resolved": "https://registry.nlark.com/short-uuid/download/short-uuid-4.2.0.tgz",
      "integrity": "sha1-NwbZ5yh6xYncX/4yTT40gXoHVAs=",
      "dependencies": {
        "any-base": "^1.1.0",
        "uuid": "^8.3.2"
      },
      "engines": {
        "node": ">=8"
      }
    },
    "node_modules/typescript": {
      "version": "4.4.3",
      "resolved": "https://registry.nlark.com/typescript/download/typescript-4.4.3.tgz",
      "integrity": "sha1-vcVAfKorEJ79T4L+EwZW+XeikyQ=",
      "dev": true,
      "bin": {
        "tsc": "bin/tsc",
        "tsserver": "bin/tsserver"
      },
      "engines": {
        "node": ">=4.2.0"
      }
    },
    "node_modules/utf-8-validate": {
      "version": "5.0.5",
      "resolved": "https://registry.nlark.com/utf-8-validate/download/utf-8-validate-5.0.5.tgz",
      "integrity": "sha1-3TLC6CxyAC3J8C62e6Z2H0NFbKE=",
      "hasInstallScript": true,
      "peer": true,
      "dependencies": {
        "node-gyp-build": "^4.2.0"
      }
    },
    "node_modules/uuid": {
      "version": "8.3.2",
      "resolved": "https://registry.nlark.com/uuid/download/uuid-8.3.2.tgz",
      "integrity": "sha1-gNW1ztJxu5r2xEXyGhoExgbO++I=",
      "bin": {
        "uuid": "dist/bin/uuid"
      }
    },
    "node_modules/ws": {
      "version": "8.2.2",
      "resolved": "https://registry.nlark.com/ws/download/ws-8.2.2.tgz",
      "integrity": "sha1-ymhDMMbdYHanNyUO2BrBYGywpj4=",
      "engines": {
        "node": ">=10.0.0"
      },
      "peerDependencies": {
        "bufferutil": "^4.0.1",
        "utf-8-validate": "^5.0.2"
      }
    }
  },
  "dependencies": {
    "@types/node": {
      "version": "16.9.1",
      "resolved": "https://registry.nlark.com/@types/node/download/@types/node-16.9.1.tgz?cache=0&sync_timestamp=1631219164526&other_urls=https%3A%2F%2Fregistry.nlark.com%2F%40types%2Fnode%2Fdownload%2F%40types%2Fnode-16.9.1.tgz",
      "integrity": "sha1-BhGzfbQkbJN/7vUp3cwBjPjjVwg=",
      "dev": true
    },
    "@types/ws": {
      "version": "7.4.7",
      "resolved": "https://registry.nlark.com/@types/ws/download/@types/ws-7.4.7.tgz?cache=0&sync_timestamp=1629709761698&other_urls=https%3A%2F%2Fregistry.nlark.com%2F%40types%2Fws%2Fdownload%2F%40types%2Fws-7.4.7.tgz",
      "integrity": "sha1-98OQo296Bnmqad4tUBMZ9PjZtwI=",
      "dev": true,
      "requires": {
        "@types/node": "*"
      }
    },
    "any-base": {
      "version": "1.1.0",
      "resolved": "https://registry.nlark.com/any-base/download/any-base-1.1.0.tgz",
      "integrity": "sha1-rhAaYrwIpZe0yatbcInUVmMFSf4="
    },
    "bufferutil": {
      "version": "4.0.3",
      "resolved": "https://registry.npm.taobao.org/bufferutil/download/bufferutil-4.0.3.tgz",
      "integrity": "sha1-ZnJLdWvtI818KMTTBteZT5lDzGs=",
      "peer": true,
      "requires": {
        "node-gyp-build": "^4.2.0"
      }
    },
    "node-gyp-build": {
      "version": "4.2.3",
      "resolved": "https://registry.npm.taobao.org/node-gyp-build/download/node-gyp-build-4.2.3.tgz",
      "integrity": "sha1-zmJ3+FODX3GIKe+0fbIPPk2cRzk=",
      "peer": true
    },
    "short-uuid": {
      "version": "4.2.0",
      "resolved": "https://registry.nlark.com/short-uuid/download/short-uuid-4.2.0.tgz",
      "integrity": "sha1-NwbZ5yh6xYncX/4yTT40gXoHVAs=",
      "requires": {
        "any-base": "^1.1.0",
        "uuid": "^8.3.2"
      }
    },
    "typescript": {
      "version": "4.4.3",
      "resolved": "https://registry.nlark.com/typescript/download/typescript-4.4.3.tgz",
      "integrity": "sha1-vcVAfKorEJ79T4L+EwZW+XeikyQ=",
      "dev": true
    },
    "utf-8-validate": {
      "version": "5.0.5",
      "resolved": "https://registry.nlark.com/utf-8-validate/download/utf-8-validate-5.0.5.tgz",
      "integrity": "sha1-3TLC6CxyAC3J8C62e6Z2H0NFbKE=",
      "peer": true,
      "requires": {
        "node-gyp-build": "^4.2.0"
      }
    },
    "uuid": {
      "version": "8.3.2",
      "resolved": "https://registry.nlark.com/uuid/download/uuid-8.3.2.tgz",
      "integrity": "sha1-gNW1ztJxu5r2xEXyGhoExgbO++I="
    },
    "ws": {
      "version": "8.2.2",
      "resolved": "https://registry.nlark.com/ws/download/ws-8.2.2.tgz",
      "integrity": "sha1-ymhDMMbdYHanNyUO2BrBYGywpj4=",
      "requires": {}
    }
  }
}
